# THIS IS AN AUTOGENERATED FILE. DO NOT EDIT THIS FILE DIRECTLY.
# yarn lockfile v1


chartist-plugin-axistitle@^0.0.7:
  version "0.0.7"
  resolved "https://registry.yarnpkg.com/chartist-plugin-axistitle/-/chartist-plugin-axistitle-0.0.7.tgz#ba4d8334707439e5b5e63ac6f11fac0ea8bc29c4"
  integrity sha512-qFG7R/qiZZyCn/gx9WJpMcnyhE0LIpGBxDnPpYtzY5cG53fHBkvJDsAEHEFFfO1l/RHI0G8oN9fpoUD/BMeiFA==
